
Microsoft Visual Studio Solution File, Format Version 12.00
# Visual Studio 15
VisualStudioVersion = 15.0.27703.2042
MinimumVisualStudioVersion = 10.0.40219.1
Project("{8BC9CEB8-8B4A-11D0-8D11-00A0C91BC942}") = "PP01.HelloSDL", "PP01.HelloSDL.vcxproj", "{0D776B2C-833A-480B-B229-1AEB4734146D}"
EndProject
Global
	GlobalSection(SolutionConfigurationPlatforms) = preSolution
		Debug|x64 = Debug|x64
		Debug|x86 = Debug|x86
		Release|x64 = Release|x64
		Release|x86 = Release|x86
	EndGlobalSection
	GlobalSection(ProjectConfigurationPlatforms) = postSolution
		{0D776B2C-833A-480B-B229-1AEB4734146D}.Debug|x64.ActiveCfg = Debug|x64
		{0D776B2C-833A-480B-B229-1AEB4734146D}.Debug|x64.Build.0 = Debug|x64
		{0D776B2C-833A-480B-B229-1AEB4734146D}.Debug|x86.ActiveCfg = Debug|Win32
		{0D776B2C-833A-480B-B229-1AEB4734146D}.Debug|x86.Build.0 = Debug|Win32
		{0D776B2C-833A-480B-B229-1AEB4734146D}.Release|x64.ActiveCfg = Release|x64
		{0D776B2C-833A-480B-B229-1AEB4734146D}.Release|x64.Build.0 = Release|x64
		{0D776B2C-833A-480B-B229-1AEB4734146D}.Release|x86.ActiveCfg = Release|Win32
		{0D776B2C-833A-480B-B229-1AEB4734146D}.Release|x86.Build.0 = Release|Win32
	EndGlobalSection
	GlobalSection(SolutionProperties) = preSolution
		HideSolutionNode = FALSE
	EndGlobalSection
	GlobalSection(ExtensibilityGlobals) = postSolution
		SolutionGuid = {95685A31-9222-4E0F-A904-88888B0EF456}
	EndGlobalSection
EndGlobal
